{
  "requires": true,
  "lockfileVersion": 1,
  "dependencies": {
    "lodash": {
      "version": "4.17.15",
      "resolved": "https://registry.npmjs.org/lodash/-/lodash-4.17.15.tgz",
      "integrity": "sha512-8xOcRHvCjnocdS5cpwXQXVzmmh5e5+saE2QGoeQmbKmRS6J3VQppPOIt0MnmE+4xlZoumy0GPG0D0MVIQbNA1A=="
    },
    "react-apollo-hooks": {
      "version": "0.4.5",
      "resolved": "https://registry.npmjs.org/react-apollo-hooks/-/react-apollo-hooks-0.4.5.tgz",
      "integrity": "sha512-fq04h88hg4ONtlzxYInmv7Okqqstzk3UCp55jHWOlIO2lFKoZPhQrtCz7A+TrcRu8GGwtG1SsioRKN8kIQaAOQ==",
      "requires": {
        "lodash": "^4.17.11"
      }
    },
    "uuid4": {
      "version": "1.1.4",
      "resolved": "https://registry.npmjs.org/uuid4/-/uuid4-1.1.4.tgz",
      "integrity": "sha512-Gr1q2k40LpF8CokcnQFjPDsdslzJbTCTBG5xQIEflUov431gFkY5KduiGIeKYAamkQnNn4IfdHJbLnl9Bib8TQ=="
    }
  }
}
